
Microsoft Visual Studio Solution File, Format Version 12.00
# Visual Studio 15
VisualStudioVersion = 15.0.28307.572
MinimumVisualStudioVersion = 10.0.40219.1
Project("{FAE04EC0-301F-11D3-BF4B-00C04F79EFBC}") = "WebApplication3", "WebApplication3\WebApplication3.csproj", "{86408081-CF3A-4B88-A43B-AE94194AC1B9}"
EndProject
Global
	GlobalSection(SolutionConfigurationPlatforms) = preSolution
		Debug|Any CPU = Debug|Any CPU
		Release|Any CPU = Release|Any CPU
	EndGlobalSection
	GlobalSection(ProjectConfigurationPlatforms) = postSolution
		{86408081-CF3A-4B88-A43B-AE94194AC1B9}.Debug|Any CPU.ActiveCfg = Debug|Any CPU
		{86408081-CF3A-4B88-A43B-AE94194AC1B9}.Debug|Any CPU.Build.0 = Debug|Any CPU
		{86408081-CF3A-4B88-A43B-AE94194AC1B9}.Release|Any CPU.ActiveCfg = Release|Any CPU
		{86408081-CF3A-4B88-A43B-AE94194AC1B9}.Release|Any CPU.Build.0 = Release|Any CPU
	EndGlobalSection
	GlobalSection(SolutionProperties) = preSolution
		HideSolutionNode = FALSE
	EndGlobalSection
	GlobalSection(ExtensibilityGlobals) = postSolution
		SolutionGuid = {13ECAAE9-C614-4358-B2DF-F0630621A8AC}
	EndGlobalSection
EndGlobal
